
Microsoft Visual Studio Solution File, Format Version 12.00
# Visual Studio Version 16
VisualStudioVersion = 16.0.30011.22
MinimumVisualStudioVersion = 10.0.40219.1
Project("{FAE04EC0-301F-11D3-BF4B-00C04F79EFBC}") = "Parade", "Parade\Parade.csproj", "{E632A203-0538-4724-81AE-CFA428960925}"
EndProject
Global
	GlobalSection(SolutionConfigurationPlatforms) = preSolution
		Debug|Any CPU = Debug|Any CPU
		Release|Any CPU = Release|Any CPU
	EndGlobalSection
	GlobalSection(ProjectConfigurationPlatforms) = postSolution
		{E632A203-0538-4724-81AE-CFA428960925}.Debug|Any CPU.ActiveCfg = Debug|Any CPU
		{E632A203-0538-4724-81AE-CFA428960925}.Debug|Any CPU.Build.0 = Debug|Any CPU
		{E632A203-0538-4724-81AE-CFA428960925}.Release|Any CPU.ActiveCfg = Release|Any CPU
		{E632A203-0538-4724-81AE-CFA428960925}.Release|Any CPU.Build.0 = Release|Any CPU
	EndGlobalSection
	GlobalSection(SolutionProperties) = preSolution
		HideSolutionNode = FALSE
	EndGlobalSection
	GlobalSection(ExtensibilityGlobals) = postSolution
		SolutionGuid = {47473B33-FB65-4991-8D9A-72B16D1D3EC9}
	EndGlobalSection
EndGlobal
